// !$*UTF8*$!
{
	archiveVersion = 1;
	classes = {
	};
	objectVersion = 56;
	objects = {

/* Begin PBXBuildFile section */
		7FB59A8629BC62EF00C6597C /* AppDelegate.swift in Sources */ = {isa = PBXBuildFile; fileRef = 7FB59A8529BC62EF00C6597C /* AppDelegate.swift */; };
		7FB59A8829BC62EF00C6597C /* SceneDelegate.swift in Sources */ = {isa = PBXBuildFile; fileRef = 7FB59A8729BC62EF00C6597C /* SceneDelegate.swift */; };
		7FB59A8A29BC62EF00C6597C /* ViewController.swift in Sources */ = {isa = PBXBuildFile; fileRef = 7FB59A8929BC62EF00C6597C /* ViewController.swift */; };
		7FB59A8D29BC62EF00C6597C /* Main.storyboard in Resources */ = {isa = PBXBuildFile; fileRef = 7FB59A8B29BC62EF00C6597C /* Main.storyboard */; };
		7FB59A8F29BC62F200C6597C /* Assets.xcassets in Resources */ = {isa = PBXBuildFile; fileRef = 7FB59A8E29BC62F200C6597C /* Assets.xcassets */; };
		7FB59A9229BC62F200C6597C /* LaunchScreen.storyboard in Resources */ = {isa = PBXBuildFile; fileRef = 7FB59A9029BC62F200C6597C /* LaunchScreen.storyboard */; };
		7FB59A9D29BC62F200C6597C /* PracticeTests.swift in Sources */ = {isa = PBXBuildFile; fileRef = 7FB59A9C29BC62F200C6597C /* PracticeTests.swift */; };
		7FB59AA729BC62F200C6597C /* PracticeUITests.swift in Sources */ = {isa = PBXBuildFile; fileRef = 7FB59AA629BC62F200C6597C /* PracticeUITests.swift */; };
		7FB59AA929BC62F200C6597C /* PracticeUITestsLaunchTests.swift in Sources */ = {isa = PBXBuildFile; fileRef = 7FB59AA829BC62F200C6597C /* PracticeUITestsLaunchTests.swift */; };
		7FB59AB729BC7D3300C6597C /* sample-video.mp4 in Resources */ = {isa = PBXBuildFile; fileRef = 7FB59AB529BC66C700C6597C /* sample-video.mp4 */; };
		7FEF86D429C1BDEE0057A9E2 /* SingletonClass.swift in Sources */ = {isa = PBXBuildFile; fileRef = 7FEF86D329C1BDEE0057A9E2 /* SingletonClass.swift */; };
/* End PBXBuildFile section */

/* Begin PBXContainerItemProxy section */
		7FB59A9929BC62F200C6597C /* PBXContainerItemProxy */ = {
			isa = PBXContainerItemProxy;
			containerPortal = 7FB59A7A29BC62EF00C6597C /* Project object */;
			proxyType = 1;
			remoteGlobalIDString = 7FB59A8129BC62EF00C6597C;
			remoteInfo = Practice;
		};
		7FB59AA329BC62F200C6597C /* PBXContainerItemProxy */ = {
			isa = PBXContainerItemProxy;
			containerPortal = 7FB59A7A29BC62EF00C6597C /* Project object */;
			proxyType = 1;
			remoteGlobalIDString = 7FB59A8129BC62EF00C6597C;
			remoteInfo = Practice;
		};
/* End PBXContainerItemProxy section */

/* Begin PBXFileReference section */
		7FB59A8229BC62EF00C6597C /* Practice.app */ = {isa = PBXFileReference; explicitFileType = wrapper.application; includeInIndex = 0; path = Practice.app; sourceTree = BUILT_PRODUCTS_DIR; };
		7FB59A8529BC62EF00C6597C /* AppDelegate.swift */ = {isa = PBXFileReference; lastKnownFileType = sourcecode.swift; path = AppDelegate.swift; sourceTree = "<group>"; };
		7FB59A8729BC62EF00C6597C /* SceneDelegate.swift */ = {isa = PBXFileReference; lastKnownFileType = sourcecode.swift; path = SceneDelegate.swift; sourceTree = "<group>"; };
		7FB59A8929BC62EF00C6597C /* ViewController.swift */ = {isa = PBXFileReference; lastKnownFileType = sourcecode.swift; path = ViewController.swift; sourceTree = "<group>"; };
		7FB59A8C29BC62EF00C6597C /* Base */ = {isa = PBXFileReference; lastKnownFileType = file.storyboard; name = Base; path = Base.lproj/Main.storyboard; sourceTree = "<group>"; };
		7FB59A8E29BC62F200C6597C /* Assets.xcassets */ = {isa = PBXFileReference; lastKnownFileType = folder.assetcatalog; path = Assets.xcassets; sourceTree = "<group>"; };
		7FB59A9129BC62F200C6597C /* Base */ = {isa = PBXFileReference; lastKnownFileType = file.storyboard; name = Base; path = Base.lproj/LaunchScreen.storyboard; sourceTree = "<group>"; };
		7FB59A9329BC62F200C6597C /* Info.plist */ = {isa = PBXFileReference; lastKnownFileType = text.plist.xml; path = Info.plist; sourceTree = "<group>"; };
		7FB59A9829BC62F200C6597C /* PracticeTests.xctest */ = {isa = PBXFileReference; explicitFileType = wrapper.cfbundle; includeInIndex = 0; path = PracticeTests.xctest; sourceTree = BUILT_PRODUCTS_DIR; };
		7FB59A9C29BC62F200C6597C /* PracticeTests.swift */ = {isa = PBXFileReference; lastKnownFileType = sourcecode.swift; path = PracticeTests.swift; sourceTree = "<group>"; };
		7FB59AA229BC62F200C6597C /* PracticeUITests.xctest */ = {isa = PBXFileReference; explicitFileType = wrapper.cfbundle; includeInIndex = 0; path = PracticeUITests.xctest; sourceTree = BUILT_PRODUCTS_DIR; };
		7FB59AA629BC62F200C6597C /* PracticeUITests.swift */ = {isa = PBXFileReference; lastKnownFileType = sourcecode.swift; path = PracticeUITests.swift; sourceTree = "<group>"; };
		7FB59AA829BC62F200C6597C /* PracticeUITestsLaunchTests.swift */ = {isa = PBXFileReference; lastKnownFileType = sourcecode.swift; path = PracticeUITestsLaunchTests.swift; sourceTree = "<group>"; };
		7FB59AB529BC66C700C6597C /* sample-video.mp4 */ = {isa = PBXFileReference; lastKnownFileType = file; path = "sample-video.mp4"; sourceTree = "<group>"; };
		7FEF86D329C1BDEE0057A9E2 /* SingletonClass.swift */ = {isa = PBXFileReference; lastKnownFileType = sourcecode.swift; path = SingletonClass.swift; sourceTree = "<group>"; };
/* End PBXFileReference section */

/* Begin PBXFrameworksBuildPhase section */
		7FB59A7F29BC62EF00C6597C /* Frameworks */ = {
			isa = PBXFrameworksBuildPhase;
			buildActionMask = 2147483647;
			files = (
			);
			runOnlyForDeploymentPostprocessing = 0;
		};
		7FB59A9529BC62F200C6597C /* Frameworks */ = {
			isa = PBXFrameworksBuildPhase;
			buildActionMask = 2147483647;
			files = (
			);
			runOnlyForDeploymentPostprocessing = 0;
		};
		7FB59A9F29BC62F200C6597C /* Frameworks */ = {
			isa = PBXFrameworksBuildPhase;
			buildActionMask = 2147483647;
			files = (
			);
			runOnlyForDeploymentPostprocessing = 0;
		};
/* End PBXFrameworksBuildPhase section */

/* Begin PBXGroup section */
		7FB59A7929BC62EF00C6597C = {
			isa = PBXGroup;
			children = (
				7FB59AB529BC66C700C6597C /* sample-video.mp4 */,
				7FB59A8429BC62EF00C6597C /* Practice */,
				7FB59A9B29BC62F200C6597C /* PracticeTests */,
				7FB59AA529BC62F200C6597C /* PracticeUITests */,
				7FB59A8329BC62EF00C6597C /* Products */,
			);
			sourceTree = "<group>";
		};
		7FB59A8329BC62EF00C6597C /* Products */ = {
			isa = PBXGroup;
			children = (
				7FB59A8229BC62EF00C6597C /* Practice.app */,
				7FB59A9829BC62F200C6597C /* PracticeTests.xctest */,
				7FB59AA229BC62F200C6597C /* PracticeUITests.xctest */,
			);
			name = Products;
			sourceTree = "<group>";
		};
		7FB59A8429BC62EF00C6597C /* Practice */ = {
			isa = PBXGroup;
			children = (
				7FB59A8529BC62EF00C6597C /* AppDelegate.swift */,
				7FB59A8729BC62EF00C6597C /* SceneDelegate.swift */,
				7FB59A8929BC62EF00C6597C /* ViewController.swift */,
				7FEF86D329C1BDEE0057A9E2 /* SingletonClass.swift */,
				7FB59A8B29BC62EF00C6597C /* Main.storyboard */,
				7FB59A8E29BC62F200C6597C /* Assets.xcassets */,
				7FB59A9029BC62F200C6597C /* LaunchScreen.storyboard */,
				7FB59A9329BC62F200C6597C /* Info.plist */,
			);
			path = Practice;
			sourceTree = "<group>";
		};
		7FB59A9B29BC62F200C6597C /* PracticeTests */ = {
			isa = PBXGroup;
			children = (
				7FB59A9C29BC62F200C6597C /* PracticeTests.swift */,
			);
			path = PracticeTests;
			sourceTree = "<group>";
		};
		7FB59AA529BC62F200C6597C /* PracticeUITests */ = {
			isa = PBXGroup;
			children = (
				7FB59AA629BC62F200C6597C /* PracticeUITests.swift */,
				7FB59AA829BC62F200C6597C /* PracticeUITestsLaunchTests.swift */,
			);
			path = PracticeUITests;
			sourceTree = "<group>";
		};
/* End PBXGroup section */

/* Begin PBXNativeTarget section */
		7FB59A8129BC62EF00C6597C /* Practice */ = {
			isa = PBXNativeTarget;
			buildConfigurationList = 7FB59AAC29BC62F200C6597C /* Build configuration list for PBXNativeTarget "Practice" */;
			buildPhases = (
				7FB59A7E29BC62EF00C6597C /* Sources */,
				7FB59A7F29BC62EF00C6597C /* Frameworks */,
				7FB59A8029BC62EF00C6597C /* Resources */,
			);
			buildRules = (
			);
			dependencies = (
			);
			name = Practice;
			productName = Practice;
			productReference = 7FB59A8229BC62EF00C6597C /* Practice.app */;
			productType = "com.apple.product-type.application";
		};
		7FB59A9729BC62F200C6597C /* PracticeTests */ = {
			isa = PBXNativeTarget;
			buildConfigurationList = 7FB59AAF29BC62F200C6597C /* Build configuration list for PBXNativeTarget "PracticeTests" */;
			buildPhases = (
				7FB59A9429BC62F200C6597C /* Sources */,
				7FB59A9529BC62F200C6597C /* Frameworks */,
				7FB59A9629BC62F200C6597C /* Resources */,
			);
			buildRules = (
			);
			dependencies = (
				7FB59A9A29BC62F200C6597C /* PBXTargetDependency */,
			);
			name = PracticeTests;
			productName = PracticeTests;
			productReference = 7FB59A9829BC62F200C6597C /* PracticeTests.xctest */;
			productType = "com.apple.product-type.bundle.unit-test";
		};
		7FB59AA129BC62F200C6597C /* PracticeUITests */ = {
			isa = PBXNativeTarget;
			buildConfigurationList = 7FB59AB229BC62F200C6597C /* Build configuration list for PBXNativeTarget "PracticeUITests" */;
			buildPhases = (
				7FB59A9E29BC62F200C6597C /* Sources */,
				7FB59A9F29BC62F200C6597C /* Frameworks */,
				7FB59AA029BC62F200C6597C /* Resources */,
			);
			buildRules = (
			);
			dependencies = (
				7FB59AA429BC62F200C6597C /* PBXTargetDependency */,
			);
			name = PracticeUITests;
			productName = PracticeUITests;
			productReference = 7FB59AA229BC62F200C6597C /* PracticeUITests.xctest */;
			productType = "com.apple.product-type.bundle.ui-testing";
		};
/* End PBXNativeTarget section */

/* Begin PBXProject section */
		7FB59A7A29BC62EF00C6597C /* Project object */ = {
			isa = PBXProject;
			attributes = {
				BuildIndependentTargetsInParallel = 1;
				LastSwiftUpdateCheck = 1420;
				LastUpgradeCheck = 1420;
				TargetAttributes = {
					7FB59A8129BC62EF00C6597C = {
						CreatedOnToolsVersion = 14.2;
					};
					7FB59A9729BC62F200C6597C = {
						CreatedOnToolsVersion = 14.2;
						TestTargetID = 7FB59A8129BC62EF00C6597C;
					};
					7FB59AA129BC62F200C6597C = {
						CreatedOnToolsVersion = 14.2;
						TestTargetID = 7FB59A8129BC62EF00C6597C;
					};
				};
			};
			buildConfigurationList = 7FB59A7D29BC62EF00C6597C /* Build configuration list for PBXProject "Practice" */;
			compatibilityVersion = "Xcode 14.0";
			developmentRegion = en;
			hasScannedForEncodings = 0;
			knownRegions = (
				en,
				Base,
			);
			mainGroup = 7FB59A7929BC62EF00C6597C;
			productRefGroup = 7FB59A8329BC62EF00C6597C /* Products */;
			projectDirPath = "";
			projectRoot = "";
			targets = (
				7FB59A8129BC62EF00C6597C /* Practice */,
				7FB59A9729BC62F200C6597C /* PracticeTests */,
				7FB59AA129BC62F200C6597C /* PracticeUITests */,
			);
		};
/* End PBXProject section */

/* Begin PBXResourcesBuildPhase section */
		7FB59A8029BC62EF00C6597C /* Resources */ = {
			isa = PBXResourcesBuildPhase;
			buildActionMask = 2147483647;
			files = (
				7FB59AB729BC7D3300C6597C /* sample-video.mp4 in Resources */,
				7FB59A9229BC62F200C6597C /* LaunchScreen.storyboard in Resources */,
				7FB59A8F29BC62F200C6597C /* Assets.xcassets in Resources */,
				7FB59A8D29BC62EF00C6597C /* Main.storyboard in Resources */,
			);
			runOnlyForDeploymentPostprocessing = 0;
		};
		7FB59A9629BC62F200C6597C /* Resources */ = {
			isa = PBXResourcesBuildPhase;
			buildActionMask = 2147483647;
			files = (
			);
			runOnlyForDeploymentPostprocessing = 0;
		};
		7FB59AA029BC62F200C6597C /* Resources */ = {
			isa = PBXResourcesBuildPhase;
			buildActionMask = 2147483647;
			files = (
			);
			runOnlyForDeploymentPostprocessing = 0;
		};
/* End PBXResourcesBuildPhase section */

/* Begin PBXSourcesBuildPhase section */
		7FB59A7E29BC62EF00C6597C /* Sources */ = {
			isa = PBXSourcesBuildPhase;
			buildActionMask = 2147483647;
			files = (
				7FEF86D429C1BDEE0057A9E2 /* SingletonClass.swift in Sources */,
				7FB59A8A29BC62EF00C6597C /* ViewController.swift in Sources */,
				7FB59A8629BC62EF00C6597C /* AppDelegate.swift in Sources */,
				7FB59A8829BC62EF00C6597C /* SceneDelegate.swift in Sources */,
			);
			runOnlyForDeploymentPostprocessing = 0;
		};
		7FB59A9429BC62F200C6597C /* Sources */ = {
			isa = PBXSourcesBuildPhase;
			buildActionMask = 2147483647;
			files = (
				7FB59A9D29BC62F200C6597C /* PracticeTests.swift in Sources */,
			);
			runOnlyForDeploymentPostprocessing = 0;
		};
		7FB59A9E29BC62F200C6597C /* Sources */ = {
			isa = PBXSourcesBuildPhase;
			buildActionMask = 2147483647;
			files = (
				7FB59AA929BC62F200C6597C /* PracticeUITestsLaunchTests.swift in Sources */,
				7FB59AA729BC62F200C6597C /* PracticeUITests.swift in Sources */,
			);
			runOnlyForDeploymentPostprocessing = 0;
		};
/* End PBXSourcesBuildPhase section */

/* Begin PBXTargetDependency section */
		7FB59A9A29BC62F200C6597C /* PBXTargetDependency */ = {
			isa = PBXTargetDependency;
			target = 7FB59A8129BC62EF00C6597C /* Practice */;
			targetProxy = 7FB59A9929BC62F200C6597C /* PBXContainerItemProxy */;
		};
		7FB59AA429BC62F200C6597C /* PBXTargetDependency */ = {
			isa = PBXTargetDependency;
			target = 7FB59A8129BC62EF00C6597C /* Practice */;
			targetProxy = 7FB59AA329BC62F200C6597C /* PBXContainerItemProxy */;
		};
/* End PBXTargetDependency section */

/* Begin PBXVariantGroup section */
		7FB59A8B29BC62EF00C6597C /* Main.storyboard */ = {
			isa = PBXVariantGroup;
			children = (
				7FB59A8C29BC62EF00C6597C /* Base */,
			);
			name = Main.storyboard;
			sourceTree = "<group>";
		};
		7FB59A9029BC62F200C6597C /* LaunchScreen.storyboard */ = {
			isa = PBXVariantGroup;
			children = (
				7FB59A9129BC62F200C6597C /* Base */,
			);
			name = LaunchScreen.storyboard;
			sourceTree = "<group>";
		};
/* End PBXVariantGroup section */

/* Begin XCBuildConfiguration section */
		7FB59AAA29BC62F200C6597C /* Debug */ = {
			isa = XCBuildConfiguration;
			buildSettings = {
				ALWAYS_SEARCH_USER_PATHS = NO;
				CLANG_ANALYZER_NONNULL = YES;
				CLANG_ANALYZER_NUMBER_OBJECT_CONVERSION = YES_AGGRESSIVE;
				CLANG_CXX_LANGUAGE_STANDARD = "gnu++20";
				CLANG_ENABLE_MODULES = YES;
				CLANG_ENABLE_OBJC_ARC = YES;
				CLANG_ENABLE_OBJC_WEAK = YES;
				CLANG_WARN_BLOCK_CAPTURE_AUTORELEASING = YES;
				CLANG_WARN_BOOL_CONVERSION = YES;
				CLANG_WARN_COMMA = YES;
				CLANG_WARN_CONSTANT_CONVERSION = YES;
				CLANG_WARN_DEPRECATED_OBJC_IMPLEMENTATIONS = YES;
				CLANG_WARN_DIRECT_OBJC_ISA_USAGE = YES_ERROR;
				CLANG_WARN_DOCUMENTATION_COMMENTS = YES;
				CLANG_WARN_EMPTY_BODY = YES;
				CLANG_WARN_ENUM_CONVERSION = YES;
				CLANG_WARN_INFINITE_RECURSION = YES;
				CLANG_WARN_INT_CONVERSION = YES;
				CLANG_WARN_NON_LITERAL_NULL_CONVERSION = YES;
				CLANG_WARN_OBJC_IMPLICIT_RETAIN_SELF = YES;
				CLANG_WARN_OBJC_LITERAL_CONVERSION = YES;
				CLANG_WARN_OBJC_ROOT_CLASS = YES_ERROR;
				CLANG_WARN_QUOTED_INCLUDE_IN_FRAMEWORK_HEADER = YES;
				CLANG_WARN_RANGE_LOOP_ANALYSIS = YES;
				CLANG_WARN_STRICT_PROTOTYPES = YES;
				CLANG_WARN_SUSPICIOUS_MOVE = YES;
				CLANG_WARN_UNGUARDED_AVAILABILITY = YES_AGGRESSIVE;
				CLANG_WARN_UNREACHABLE_CODE = YES;
				CLANG_WARN__DUPLICATE_METHOD_MATCH = YES;
				COPY_PHASE_STRIP = NO;
				DEBUG_INFORMATION_FORMAT = dwarf;
				ENABLE_STRICT_OBJC_MSGSEND = YES;
				ENABLE_TESTABILITY = YES;
				GCC_C_LANGUAGE_STANDARD = gnu11;
				GCC_DYNAMIC_NO_PIC = NO;
				GCC_NO_COMMON_BLOCKS = YES;
				GCC_OPTIMIZATION_LEVEL = 0;
				GCC_PREPROCESSOR_DEFINITIONS = (
					"DEBUG=1",
					"$(inherited)",
				);
				GCC_WARN_64_TO_32_BIT_CONVERSION = YES;
				GCC_WARN_ABOUT_RETURN_TYPE = YES_ERROR;
				GCC_WARN_UNDECLARED_SELECTOR = YES;
				GCC_WARN_UNINITIALIZED_AUTOS = YES_AGGRESSIVE;
				GCC_WARN_UNUSED_FUNCTION = YES;
				GCC_WARN_UNUSED_VARIABLE = YES;
				IPHONEOS_DEPLOYMENT_TARGET = 16.2;
				MTL_ENABLE_DEBUG_INFO = INCLUDE_SOURCE;
				MTL_FAST_MATH = YES;
				ONLY_ACTIVE_ARCH = YES;
				SDKROOT = iphoneos;
				SWIFT_ACTIVE_COMPILATION_CONDITIONS = DEBUG;
				SWIFT_OPTIMIZATION_LEVEL = "-Onone";
			};
			name = Debug;
		};
		7FB59AAB29BC62F200C6597C /* Release */ = {
			isa = XCBuildConfiguration;
			buildSettings = {
				ALWAYS_SEARCH_USER_PATHS = NO;
				CLANG_ANALYZER_NONNULL = YES;
				CLANG_ANALYZER_NUMBER_OBJECT_CONVERSION = YES_AGGRESSIVE;
				CLANG_CXX_LANGUAGE_STANDARD = "gnu++20";
				CLANG_ENABLE_MODULES = YES;
				CLANG_ENABLE_OBJC_ARC = YES;
				CLANG_ENABLE_OBJC_WEAK = YES;
				CLANG_WARN_BLOCK_CAPTURE_AUTORELEASING = YES;
				CLANG_WARN_BOOL_CONVERSION = YES;
				CLANG_WARN_COMMA = YES;
				CLANG_WARN_CONSTANT_CONVERSION = YES;
				CLANG_WARN_DEPRECATED_OBJC_IMPLEMENTATIONS = YES;
				CLANG_WARN_DIRECT_OBJC_ISA_USAGE = YES_ERROR;
				CLANG_WARN_DOCUMENTATION_COMMENTS = YES;
				CLANG_WARN_EMPTY_BODY = YES;
				CLANG_WARN_ENUM_CONVERSION = YES;
				CLANG_WARN_INFINITE_RECURSION = YES;
				CLANG_WARN_INT_CONVERSION = YES;
				CLANG_WARN_NON_LITERAL_NULL_CONVERSION = YES;
				CLANG_WARN_OBJC_IMPLICIT_RETAIN_SELF = YES;
				CLANG_WARN_OBJC_LITERAL_CONVERSION = YES;
				CLANG_WARN_OBJC_ROOT_CLASS = YES_ERROR;
				CLANG_WARN_QUOTED_INCLUDE_IN_FRAMEWORK_HEADER = YES;
				CLANG_WARN_RANGE_LOOP_ANALYSIS = YES;
				CLANG_WARN_STRICT_PROTOTYPES = YES;
				CLANG_WARN_SUSPICIOUS_MOVE = YES;
				CLANG_WARN_UNGUARDED_AVAILABILITY = YES_AGGRESSIVE;
				CLANG_WARN_UNREACHABLE_CODE = YES;
				CLANG_WARN__DUPLICATE_METHOD_MATCH = YES;
				COPY_PHASE_STRIP = NO;
				DEBUG_INFORMATION_FORMAT = "dwarf-with-dsym";
				ENABLE_NS_ASSERTIONS = NO;
				ENABLE_STRICT_OBJC_MSGSEND = YES;
				GCC_C_LANGUAGE_STANDARD = gnu11;
				GCC_NO_COMMON_BLOCKS = YES;
				GCC_WARN_64_TO_32_BIT_CONVERSION = YES;
				GCC_WARN_ABOUT_RETURN_TYPE = YES_ERROR;
				GCC_WARN_UNDECLARED_SELECTOR = YES;
				GCC_WARN_UNINITIALIZED_AUTOS = YES_AGGRESSIVE;
				GCC_WARN_UNUSED_FUNCTION = YES;
				GCC_WARN_UNUSED_VARIABLE = YES;
				IPHONEOS_DEPLOYMENT_TARGET = 16.2;
				MTL_ENABLE_DEBUG_INFO = NO;
				MTL_FAST_MATH = YES;
				SDKROOT = iphoneos;
				SWIFT_COMPILATION_MODE = wholemodule;
				SWIFT_OPTIMIZATION_LEVEL = "-O";
				VALIDATE_PRODUCT = YES;
			};
			name = Release;
		};
		7FB59AAD29BC62F200C6597C /* Debug */ = {
			isa = XCBuildConfiguration;
			buildSettings = {
				ASSETCATALOG_COMPILER_APPICON_NAME = AppIcon;
				ASSETCATALOG_COMPILER_GLOBAL_ACCENT_COLOR_NAME = AccentColor;
				CODE_SIGN_STYLE = Automatic;
				CURRENT_PROJECT_VERSION = 1;
				GENERATE_INFOPLIST_FILE = YES;
				INFOPLIST_FILE = Practice/Info.plist;
				INFOPLIST_KEY_UIApplicationSupportsIndirectInputEvents = YES;
				INFOPLIST_KEY_UILaunchStoryboardName = LaunchScreen;
				INFOPLIST_KEY_UIMainStoryboardFile = Main;
				INFOPLIST_KEY_UISupportedInterfaceOrientations_iPad = "UIInterfaceOrientationPortrait UIInterfaceOrientationPortraitUpsideDown UIInterfaceOrientationLandscapeLeft UIInterfaceOrientationLandscapeRight";
				INFOPLIST_KEY_UISupportedInterfaceOrientations_iPhone = "UIInterfaceOrientationPortrait UIInterfaceOrientationLandscapeLeft UIInterfaceOrientationLandscapeRight";
				LD_RUNPATH_SEARCH_PATHS = (
					"$(inherited)",
					"@executable_path/Frameworks",
				);
				MARKETING_VERSION = 1.0;
				PRODUCT_BUNDLE_IDENTIFIER = com.app.Practice;
				PRODUCT_NAME = "$(TARGET_NAME)";
				SWIFT_EMIT_LOC_STRINGS = YES;
				SWIFT_VERSION = 5.0;
				TARGETED_DEVICE_FAMILY = "1,2";
			};
			name = Debug;
		};
		7FB59AAE29BC62F200C6597C /* Release */ = {
			isa = XCBuildConfiguration;
			buildSettings = {
				ASSETCATALOG_COMPILER_APPICON_NAME = AppIcon;
				ASSETCATALOG_COMPILER_GLOBAL_ACCENT_COLOR_NAME = AccentColor;
				CODE_SIGN_STYLE = Automatic;
				CURRENT_PROJECT_VERSION = 1;
				GENERATE_INFOPLIST_FILE = YES;
				INFOPLIST_FILE = Practice/Info.plist;
				INFOPLIST_KEY_UIApplicationSupportsIndirectInputEvents = YES;
				INFOPLIST_KEY_UILaunchStoryboardName = LaunchScreen;
				INFOPLIST_KEY_UIMainStoryboardFile = Main;
				INFOPLIST_KEY_UISupportedInterfaceOrientations_iPad = "UIInterfaceOrientationPortrait UIInterfaceOrientationPortraitUpsideDown UIInterfaceOrientationLandscapeLeft UIInterfaceOrientationLandscapeRight";
				INFOPLIST_KEY_UISupportedInterfaceOrientations_iPhone = "UIInterfaceOrientationPortrait UIInterfaceOrientationLandscapeLeft UIInterfaceOrientationLandscapeRight";
				LD_RUNPATH_SEARCH_PATHS = (
					"$(inherited)",
					"@executable_path/Frameworks",
				);
				MARKETING_VERSION = 1.0;
				PRODUCT_BUNDLE_IDENTIFIER = com.app.Practice;
				PRODUCT_NAME = "$(TARGET_NAME)";
				SWIFT_EMIT_LOC_STRINGS = YES;
				SWIFT_VERSION = 5.0;
				TARGETED_DEVICE_FAMILY = "1,2";
			};
			name = Release;
		};
		7FB59AB029BC62F200C6597C /* Debug */ = {
			isa = XCBuildConfiguration;
			buildSettings = {
				ALWAYS_EMBED_SWIFT_STANDARD_LIBRARIES = YES;
				BUNDLE_LOADER = "$(TEST_HOST)";
				CODE_SIGN_STYLE = Automatic;
				CURRENT_PROJECT_VERSION = 1;
				GENERATE_INFOPLIST_FILE = YES;
				IPHONEOS_DEPLOYMENT_TARGET = 16.2;
				MARKETING_VERSION = 1.0;
				PRODUCT_BUNDLE_IDENTIFIER = com.app.PracticeTests;
				PRODUCT_NAME = "$(TARGET_NAME)";
				SWIFT_EMIT_LOC_STRINGS = NO;
				SWIFT_VERSION = 5.0;
				TARGETED_DEVICE_FAMILY = "1,2";
				TEST_HOST = "$(BUILT_PRODUCTS_DIR)/Practice.app/$(BUNDLE_EXECUTABLE_FOLDER_PATH)/Practice";
			};
			name = Debug;
		};
		7FB59AB129BC62F200C6597C /* Release */ = {
			isa = XCBuildConfiguration;
			buildSettings = {
				ALWAYS_EMBED_SWIFT_STANDARD_LIBRARIES = YES;
				BUNDLE_LOADER = "$(TEST_HOST)";
				CODE_SIGN_STYLE = Automatic;
				CURRENT_PROJECT_VERSION = 1;
				GENERATE_INFOPLIST_FILE = YES;
				IPHONEOS_DEPLOYMENT_TARGET = 16.2;
				MARKETING_VERSION = 1.0;
				PRODUCT_BUNDLE_IDENTIFIER = com.app.PracticeTests;
				PRODUCT_NAME = "$(TARGET_NAME)";
				SWIFT_EMIT_LOC_STRINGS = NO;
				SWIFT_VERSION = 5.0;
				TARGETED_DEVICE_FAMILY = "1,2";
				TEST_HOST = "$(BUILT_PRODUCTS_DIR)/Practice.app/$(BUNDLE_EXECUTABLE_FOLDER_PATH)/Practice";
			};
			name = Release;
		};
		7FB59AB329BC62F200C6597C /* Debug */ = {
			isa = XCBuildConfiguration;
			buildSettings = {
				ALWAYS_EMBED_SWIFT_STANDARD_LIBRARIES = YES;
				CODE_SIGN_STYLE = Automatic;
				CURRENT_PROJECT_VERSION = 1;
				GENERATE_INFOPLIST_FILE = YES;
				MARKETING_VERSION = 1.0;
				PRODUCT_BUNDLE_IDENTIFIER = com.app.PracticeUITests;
				PRODUCT_NAME = "$(TARGET_NAME)";
				SWIFT_EMIT_LOC_STRINGS = NO;
				SWIFT_VERSION = 5.0;
				TARGETED_DEVICE_FAMILY = "1,2";
				TEST_TARGET_NAME = Practice;
			};
			name = Debug;
		};
		7FB59AB429BC62F200C6597C /* Release */ = {
			isa = XCBuildConfiguration;
			buildSettings = {
				ALWAYS_EMBED_SWIFT_STANDARD_LIBRARIES = YES;
				CODE_SIGN_STYLE = Automatic;
				CURRENT_PROJECT_VERSION = 1;
				GENERATE_INFOPLIST_FILE = YES;
				MARKETING_VERSION = 1.0;
				PRODUCT_BUNDLE_IDENTIFIER = com.app.PracticeUITests;
				PRODUCT_NAME = "$(TARGET_NAME)";
				SWIFT_EMIT_LOC_STRINGS = NO;
				SWIFT_VERSION = 5.0;
				TARGETED_DEVICE_FAMILY = "1,2";
				TEST_TARGET_NAME = Practice;
			};
			name = Release;
		};
/* End XCBuildConfiguration section */

/* Begin XCConfigurationList section */
		7FB59A7D29BC62EF00C6597C /* Build configuration list for PBXProject "Practice" */ = {
			isa = XCConfigurationList;
			buildConfigurations = (
				7FB59AAA29BC62F200C6597C /* Debug */,
				7FB59AAB29BC62F200C6597C /* Release */,
			);
			defaultConfigurationIsVisible = 0;
			defaultConfigurationName = Release;
		};
		7FB59AAC29BC62F200C6597C /* Build configuration list for PBXNativeTarget "Practice" */ = {
			isa = XCConfigurationList;
			buildConfigurations = (
				7FB59AAD29BC62F200C6597C /* Debug */,
				7FB59AAE29BC62F200C6597C /* Release */,
			);
			defaultConfigurationIsVisible = 0;
			defaultConfigurationName = Release;
		};
		7FB59AAF29BC62F200C6597C /* Build configuration list for PBXNativeTarget "PracticeTests" */ = {
			isa = XCConfigurationList;
			buildConfigurations = (
				7FB59AB029BC62F200C6597C /* Debug */,
				7FB59AB129BC62F200C6597C /* Release */,
			);
			defaultConfigurationIsVisible = 0;
			defaultConfigurationName = Release;
		};
		7FB59AB229BC62F200C6597C /* Build configuration list for PBXNativeTarget "PracticeUITests" */ = {
			isa = XCConfigurationList;
			buildConfigurations = (
				7FB59AB329BC62F200C6597C /* Debug */,
				7FB59AB429BC62F200C6597C /* Release */,
			);
			defaultConfigurationIsVisible = 0;
			defaultConfigurationName = Release;
		};
/* End XCConfigurationList section */
	};
	rootObject = 7FB59A7A29BC62EF00C6597C /* Project object */;
}
